
Microsoft Visual Studio Solution File, Format Version 12.00
# Visual Studio Version 16
VisualStudioVersion = 16.0.30225.117
MinimumVisualStudioVersion = 10.0.40219.1
Project("{FAE04EC0-301F-11D3-BF4B-00C04F79EFBC}") = "Grazie", "Grazie\Grazie.csproj", "{132AE269-3800-4C11-8B57-385748FD1E2B}"
EndProject
Global
	GlobalSection(SolutionConfigurationPlatforms) = preSolution
		Debug|Any CPU = Debug|Any CPU
		Release|Any CPU = Release|Any CPU
	EndGlobalSection
	GlobalSection(ProjectConfigurationPlatforms) = postSolution
		{132AE269-3800-4C11-8B57-385748FD1E2B}.Debug|Any CPU.ActiveCfg = Debug|Any CPU
		{132AE269-3800-4C11-8B57-385748FD1E2B}.Debug|Any CPU.Build.0 = Debug|Any CPU
		{132AE269-3800-4C11-8B57-385748FD1E2B}.Release|Any CPU.ActiveCfg = Release|Any CPU
		{132AE269-3800-4C11-8B57-385748FD1E2B}.Release|Any CPU.Build.0 = Release|Any CPU
	EndGlobalSection
	GlobalSection(SolutionProperties) = preSolution
		HideSolutionNode = FALSE
	EndGlobalSection
	GlobalSection(ExtensibilityGlobals) = postSolution
		SolutionGuid = {83690706-E579-4628-9CA8-F6F91FE4D913}
	EndGlobalSection
EndGlobal
